
Microsoft Visual Studio Solution File, Format Version 12.00
# Visual Studio 2013
VisualStudioVersion = 12.0.31101.0
MinimumVisualStudioVersion = 10.0.40219.1
Project("{2150E333-8FDC-42A3-9474-1A3956D46DE8}") = ".nuget", ".nuget", "{82F08913-7522-419C-A982-434BA2B42B65}"
	ProjectSection(SolutionItems) = preProject
		.nuget\NuGet.Config = .nuget\NuGet.Config
		.nuget\NuGet.exe = .nuget\NuGet.exe
		.nuget\NuGet.targets = .nuget\NuGet.targets
	EndProjectSection
EndProject
Project("{2150E333-8FDC-42A3-9474-1A3956D46DE8}") = "Solution Items", "Solution Items", "{8181C0E9-9994-4DBF-9BA5-B7B10F1E8CA9}"
	ProjectSection(SolutionItems) = preProject
		README.md = README.md
	EndProjectSection
EndProject
Project("{FAE04EC0-301F-11D3-BF4B-00C04F79EFBC}") = "DALs.Model", "DALs.Model\DALs.Model.csproj", "{B5CACA23-1865-45CF-8D1F-2E19E8B79738}"
EndProject
Project("{2150E333-8FDC-42A3-9474-1A3956D46DE8}") = "Demos", "Demos", "{4FAE8909-0279-4AAA-B432-15249C9A020F}"
EndProject
Project("{FAE04EC0-301F-11D3-BF4B-00C04F79EFBC}") = "ClientRepository", "ClientRepository\ClientRepository.csproj", "{E00863F3-05BB-4214-9A16-C9EDDBF3DA33}"
	ProjectSection(ProjectDependencies) = postProject
		{7CD50B61-5E01-4EB4-9552-C16BEFF81812} = {7CD50B61-5E01-4EB4-9552-C16BEFF81812}
		{AB2E7DF8-C9E8-4201-8D14-6FBB20D9B323} = {AB2E7DF8-C9E8-4201-8D14-6FBB20D9B323}
	EndProjectSection
EndProject
Project("{2150E333-8FDC-42A3-9474-1A3956D46DE8}") = "Tests", "Tests", "{2F741E4F-DAC5-4B9B-95BC-68F0EAE525D0}"
EndProject
Project("{FAE04EC0-301F-11D3-BF4B-00C04F79EFBC}") = "ClientRepository.Model", "ClientRepository.Model\ClientRepository.Model.csproj", "{2F888C19-9C0C-47EC-8090-48D4642CEE5E}"
	ProjectSection(ProjectDependencies) = postProject
		{B5CACA23-1865-45CF-8D1F-2E19E8B79738} = {B5CACA23-1865-45CF-8D1F-2E19E8B79738}
		{7CD50B61-5E01-4EB4-9552-C16BEFF81812} = {7CD50B61-5E01-4EB4-9552-C16BEFF81812}
		{AB2E7DF8-C9E8-4201-8D14-6FBB20D9B323} = {AB2E7DF8-C9E8-4201-8D14-6FBB20D9B323}
	EndProjectSection
EndProject
Project("{FAE04EC0-301F-11D3-BF4B-00C04F79EFBC}") = "ClientRepository.UnitTests", "ClientRepository.UnitTests\ClientRepository.UnitTests.csproj", "{58E15F34-5CD3-4405-A660-70C3F7B330B2}"
	ProjectSection(ProjectDependencies) = postProject
		{7CD50B61-5E01-4EB4-9552-C16BEFF81812} = {7CD50B61-5E01-4EB4-9552-C16BEFF81812}
		{AB2E7DF8-C9E8-4201-8D14-6FBB20D9B323} = {AB2E7DF8-C9E8-4201-8D14-6FBB20D9B323}
	EndProjectSection
EndProject
Project("{FAE04EC0-301F-11D3-BF4B-00C04F79EFBC}") = "DALs.Sql", "DALs.Sql\DALs.Sql.csproj", "{AB2E7DF8-C9E8-4201-8D14-6FBB20D9B323}"
EndProject
Project("{FAE04EC0-301F-11D3-BF4B-00C04F79EFBC}") = "DALs.Http", "DALs.Http\DALs.Http.csproj", "{7CD50B61-5E01-4EB4-9552-C16BEFF81812}"
EndProject
Project("{FAE04EC0-301F-11D3-BF4B-00C04F79EFBC}") = "DALs.AzureStorage", "DALs.AzureStorage\DALs.AzureStorage.csproj", "{341131AC-8CF7-4D83-A1EE-DEB0EC309EC1}"
EndProject
Global
	GlobalSection(SolutionConfigurationPlatforms) = preSolution
		Debug|Any CPU = Debug|Any CPU
		Release|Any CPU = Release|Any CPU
	EndGlobalSection
	GlobalSection(ProjectConfigurationPlatforms) = postSolution
		{B5CACA23-1865-45CF-8D1F-2E19E8B79738}.Debug|Any CPU.ActiveCfg = Debug|Any CPU
		{B5CACA23-1865-45CF-8D1F-2E19E8B79738}.Debug|Any CPU.Build.0 = Debug|Any CPU
		{B5CACA23-1865-45CF-8D1F-2E19E8B79738}.Release|Any CPU.ActiveCfg = Release|Any CPU
		{B5CACA23-1865-45CF-8D1F-2E19E8B79738}.Release|Any CPU.Build.0 = Release|Any CPU
		{E00863F3-05BB-4214-9A16-C9EDDBF3DA33}.Debug|Any CPU.ActiveCfg = Debug|Any CPU
		{E00863F3-05BB-4214-9A16-C9EDDBF3DA33}.Debug|Any CPU.Build.0 = Debug|Any CPU
		{E00863F3-05BB-4214-9A16-C9EDDBF3DA33}.Release|Any CPU.ActiveCfg = Release|Any CPU
		{E00863F3-05BB-4214-9A16-C9EDDBF3DA33}.Release|Any CPU.Build.0 = Release|Any CPU
		{2F888C19-9C0C-47EC-8090-48D4642CEE5E}.Debug|Any CPU.ActiveCfg = Debug|Any CPU
		{2F888C19-9C0C-47EC-8090-48D4642CEE5E}.Debug|Any CPU.Build.0 = Debug|Any CPU
		{2F888C19-9C0C-47EC-8090-48D4642CEE5E}.Release|Any CPU.ActiveCfg = Release|Any CPU
		{2F888C19-9C0C-47EC-8090-48D4642CEE5E}.Release|Any CPU.Build.0 = Release|Any CPU
		{58E15F34-5CD3-4405-A660-70C3F7B330B2}.Debug|Any CPU.ActiveCfg = Debug|Any CPU
		{58E15F34-5CD3-4405-A660-70C3F7B330B2}.Debug|Any CPU.Build.0 = Debug|Any CPU
		{58E15F34-5CD3-4405-A660-70C3F7B330B2}.Release|Any CPU.ActiveCfg = Release|Any CPU
		{58E15F34-5CD3-4405-A660-70C3F7B330B2}.Release|Any CPU.Build.0 = Release|Any CPU
		{AB2E7DF8-C9E8-4201-8D14-6FBB20D9B323}.Debug|Any CPU.ActiveCfg = Debug|Any CPU
		{AB2E7DF8-C9E8-4201-8D14-6FBB20D9B323}.Debug|Any CPU.Build.0 = Debug|Any CPU
		{AB2E7DF8-C9E8-4201-8D14-6FBB20D9B323}.Release|Any CPU.ActiveCfg = Release|Any CPU
		{AB2E7DF8-C9E8-4201-8D14-6FBB20D9B323}.Release|Any CPU.Build.0 = Release|Any CPU
		{7CD50B61-5E01-4EB4-9552-C16BEFF81812}.Debug|Any CPU.ActiveCfg = Debug|Any CPU
		{7CD50B61-5E01-4EB4-9552-C16BEFF81812}.Debug|Any CPU.Build.0 = Debug|Any CPU
		{7CD50B61-5E01-4EB4-9552-C16BEFF81812}.Release|Any CPU.ActiveCfg = Release|Any CPU
		{7CD50B61-5E01-4EB4-9552-C16BEFF81812}.Release|Any CPU.Build.0 = Release|Any CPU
		{341131AC-8CF7-4D83-A1EE-DEB0EC309EC1}.Debug|Any CPU.ActiveCfg = Debug|Any CPU
		{341131AC-8CF7-4D83-A1EE-DEB0EC309EC1}.Debug|Any CPU.Build.0 = Debug|Any CPU
		{341131AC-8CF7-4D83-A1EE-DEB0EC309EC1}.Release|Any CPU.ActiveCfg = Release|Any CPU
		{341131AC-8CF7-4D83-A1EE-DEB0EC309EC1}.Release|Any CPU.Build.0 = Release|Any CPU
	EndGlobalSection
	GlobalSection(SolutionProperties) = preSolution
		HideSolutionNode = FALSE
	EndGlobalSection
	GlobalSection(NestedProjects) = preSolution
		{E00863F3-05BB-4214-9A16-C9EDDBF3DA33} = {4FAE8909-0279-4AAA-B432-15249C9A020F}
		{2F741E4F-DAC5-4B9B-95BC-68F0EAE525D0} = {4FAE8909-0279-4AAA-B432-15249C9A020F}
		{2F888C19-9C0C-47EC-8090-48D4642CEE5E} = {4FAE8909-0279-4AAA-B432-15249C9A020F}
		{58E15F34-5CD3-4405-A660-70C3F7B330B2} = {2F741E4F-DAC5-4B9B-95BC-68F0EAE525D0}
	EndGlobalSection
EndGlobal
